// !$*UTF8*$!
{
	archiveVersion = 1;
	classes = {
	};
	objectVersion = 56;
	objects = {

/* Begin PBXBuildFile section */
		48598B5F2C07764A006C7A4D /* Localizable.strings in Resources */ = {isa = PBXBuildFile; fileRef = 48598B5D2C07764A006C7A4D /* Localizable.strings */; };
		48598B632C07829F006C7A4D /* String+Ex.swift in Sources */ = {isa = PBXBuildFile; fileRef = 48598B622C07829F006C7A4D /* String+Ex.swift */; };
		48598B6F2C078A00006C7A4D /* MainViewController.swift in Sources */ = {isa = PBXBuildFile; fileRef = 48598B6C2C078A00006C7A4D /* MainViewController.swift */; };
		487F42232C18675F00B8887F /* SearchPhotosModel.swift in Sources */ = {isa = PBXBuildFile; fileRef = 487F42222C18675F00B8887F /* SearchPhotosModel.swift */; };
		487F42252C1868C700B8887F /* PhotoModel.swift in Sources */ = {isa = PBXBuildFile; fileRef = 487F42242C1868C700B8887F /* PhotoModel.swift */; };
		487F42272C18690D00B8887F /* SrcModel.swift in Sources */ = {isa = PBXBuildFile; fileRef = 487F42262C18690D00B8887F /* SrcModel.swift */; };
		487F422A2C1869F200B8887F /* SnapKit in Frameworks */ = {isa = PBXBuildFile; productRef = 487F42292C1869F200B8887F /* SnapKit */; };
		487F422C2C186E8500B8887F /* HistoryCollectionViewCell.swift in Sources */ = {isa = PBXBuildFile; fileRef = 487F422B2C186E8500B8887F /* HistoryCollectionViewCell.swift */; };
		487F422E2C186E9700B8887F /* PhotoCollectionViewCell.swift in Sources */ = {isa = PBXBuildFile; fileRef = 487F422D2C186E9700B8887F /* PhotoCollectionViewCell.swift */; };
		487F42362C1C141700B8887F /* NetworkingError.swift in Sources */ = {isa = PBXBuildFile; fileRef = 487F42352C1C141700B8887F /* NetworkingError.swift */; };
		487F423A2C1C4A0700B8887F /* ImageScrollViewController.swift in Sources */ = {isa = PBXBuildFile; fileRef = 487F42392C1C4A0700B8887F /* ImageScrollViewController.swift */; };
		48CA7AC52C172C9600836F41 /* APIManager.swift in Sources */ = {isa = PBXBuildFile; fileRef = 48CA7AC42C172C9600836F41 /* APIManager.swift */; };
		48E3BF242BFB7670005DB32A /* AppDelegate.swift in Sources */ = {isa = PBXBuildFile; fileRef = 48E3BF232BFB7670005DB32A /* AppDelegate.swift */; };
		48E3BF262BFB7670005DB32A /* SceneDelegate.swift in Sources */ = {isa = PBXBuildFile; fileRef = 48E3BF252BFB7670005DB32A /* SceneDelegate.swift */; };
		48E3BF2D2BFB7672005DB32A /* Assets.xcassets in Resources */ = {isa = PBXBuildFile; fileRef = 48E3BF2C2BFB7672005DB32A /* Assets.xcassets */; };
		48E3BF302BFB7672005DB32A /* Base in Resources */ = {isa = PBXBuildFile; fileRef = 48E3BF2F2BFB7672005DB32A /* Base */; };
		48E3BF3A2BFB76C2005DB32A /* OnboardingViewController.swift in Sources */ = {isa = PBXBuildFile; fileRef = 48E3BF372BFB76C2005DB32A /* OnboardingViewController.swift */; };
		48E3BF3E2BFBA742005DB32A /* OnboardingCollectionViewCell.swift in Sources */ = {isa = PBXBuildFile; fileRef = 48E3BF3B2BFBA742005DB32A /* OnboardingCollectionViewCell.swift */; };
		48E3BF402BFBAA70005DB32A /* OnboardingModel.swift in Sources */ = {isa = PBXBuildFile; fileRef = 48E3BF3F2BFBAA70005DB32A /* OnboardingModel.swift */; };
/* End PBXBuildFile section */

/* Begin PBXFileReference section */
		48598B5E2C07764A006C7A4D /* en */ = {isa = PBXFileReference; lastKnownFileType = text.plist.strings; name = en; path = en.lproj/Localizable.strings; sourceTree = "<group>"; };
		48598B602C077656006C7A4D /* ru */ = {isa = PBXFileReference; lastKnownFileType = text.plist.strings; name = ru; path = ru.lproj/Localizable.strings; sourceTree = "<group>"; };
		48598B622C07829F006C7A4D /* String+Ex.swift */ = {isa = PBXFileReference; lastKnownFileType = sourcecode.swift; path = "String+Ex.swift"; sourceTree = "<group>"; };
		48598B6C2C078A00006C7A4D /* MainViewController.swift */ = {isa = PBXFileReference; lastKnownFileType = sourcecode.swift; name = MainViewController.swift; path = ../View/MainViewController.swift; sourceTree = "<group>"; };
		487F42222C18675F00B8887F /* SearchPhotosModel.swift */ = {isa = PBXFileReference; lastKnownFileType = sourcecode.swift; path = SearchPhotosModel.swift; sourceTree = "<group>"; };
		487F42242C1868C700B8887F /* PhotoModel.swift */ = {isa = PBXFileReference; lastKnownFileType = sourcecode.swift; path = PhotoModel.swift; sourceTree = "<group>"; };
		487F42262C18690D00B8887F /* SrcModel.swift */ = {isa = PBXFileReference; lastKnownFileType = sourcecode.swift; path = SrcModel.swift; sourceTree = "<group>"; };
		487F422B2C186E8500B8887F /* HistoryCollectionViewCell.swift */ = {isa = PBXFileReference; lastKnownFileType = sourcecode.swift; path = HistoryCollectionViewCell.swift; sourceTree = "<group>"; };
		487F422D2C186E9700B8887F /* PhotoCollectionViewCell.swift */ = {isa = PBXFileReference; lastKnownFileType = sourcecode.swift; path = PhotoCollectionViewCell.swift; sourceTree = "<group>"; };
		487F42352C1C141700B8887F /* NetworkingError.swift */ = {isa = PBXFileReference; lastKnownFileType = sourcecode.swift; path = NetworkingError.swift; sourceTree = "<group>"; };
		487F42392C1C4A0700B8887F /* ImageScrollViewController.swift */ = {isa = PBXFileReference; lastKnownFileType = sourcecode.swift; path = ImageScrollViewController.swift; sourceTree = "<group>"; };
		48CA7AC42C172C9600836F41 /* APIManager.swift */ = {isa = PBXFileReference; lastKnownFileType = sourcecode.swift; path = APIManager.swift; sourceTree = "<group>"; };
		48E3BF202BFB7670005DB32A /* Pexels.app */ = {isa = PBXFileReference; explicitFileType = wrapper.application; includeInIndex = 0; path = Pexels.app; sourceTree = BUILT_PRODUCTS_DIR; };
		48E3BF232BFB7670005DB32A /* AppDelegate.swift */ = {isa = PBXFileReference; lastKnownFileType = sourcecode.swift; path = AppDelegate.swift; sourceTree = "<group>"; };
		48E3BF252BFB7670005DB32A /* SceneDelegate.swift */ = {isa = PBXFileReference; lastKnownFileType = sourcecode.swift; path = SceneDelegate.swift; sourceTree = "<group>"; };
		48E3BF2C2BFB7672005DB32A /* Assets.xcassets */ = {isa = PBXFileReference; lastKnownFileType = folder.assetcatalog; path = Assets.xcassets; sourceTree = "<group>"; };
		48E3BF2F2BFB7672005DB32A /* Base */ = {isa = PBXFileReference; lastKnownFileType = file.storyboard; name = Base; path = Base.lproj/LaunchScreen.storyboard; sourceTree = "<group>"; };
		48E3BF312BFB7672005DB32A /* Info.plist */ = {isa = PBXFileReference; lastKnownFileType = text.plist.xml; path = Info.plist; sourceTree = "<group>"; };
		48E3BF372BFB76C2005DB32A /* OnboardingViewController.swift */ = {isa = PBXFileReference; lastKnownFileType = sourcecode.swift; path = OnboardingViewController.swift; sourceTree = "<group>"; };
		48E3BF3B2BFBA742005DB32A /* OnboardingCollectionViewCell.swift */ = {isa = PBXFileReference; lastKnownFileType = sourcecode.swift; path = OnboardingCollectionViewCell.swift; sourceTree = "<group>"; };
		48E3BF3F2BFBAA70005DB32A /* OnboardingModel.swift */ = {isa = PBXFileReference; lastKnownFileType = sourcecode.swift; path = OnboardingModel.swift; sourceTree = "<group>"; };
/* End PBXFileReference section */

/* Begin PBXFrameworksBuildPhase section */
		48E3BF1D2BFB7670005DB32A /* Frameworks */ = {
			isa = PBXFrameworksBuildPhase;
			buildActionMask = 2147483647;
			files = (
				487F422A2C1869F200B8887F /* SnapKit in Frameworks */,
			);
			runOnlyForDeploymentPostprocessing = 0;
		};
/* End PBXFrameworksBuildPhase section */

/* Begin PBXGroup section */
		48598B552C077387006C7A4D /* View */ = {
			isa = PBXGroup;
			children = (
				48E3BF3B2BFBA742005DB32A /* OnboardingCollectionViewCell.swift */,
			);
			path = View;
			sourceTree = "<group>";
		};
		48598B562C077392006C7A4D /* Model */ = {
			isa = PBXGroup;
			children = (
				48E3BF3F2BFBAA70005DB32A /* OnboardingModel.swift */,
			);
			path = Model;
			sourceTree = "<group>";
		};
		48598B572C0773A0006C7A4D /* Controller */ = {
			isa = PBXGroup;
			children = (
				48E3BF372BFB76C2005DB32A /* OnboardingViewController.swift */,
			);
			path = Controller;
			sourceTree = "<group>";
		};
		48598B582C0773D0006C7A4D /* App */ = {
			isa = PBXGroup;
			children = (
				48E3BF232BFB7670005DB32A /* AppDelegate.swift */,
				48E3BF252BFB7670005DB32A /* SceneDelegate.swift */,
				48E3BF2E2BFB7672005DB32A /* LaunchScreen.storyboard */,
				48E3BF312BFB7672005DB32A /* Info.plist */,
			);
			path = App;
			sourceTree = "<group>";
		};
		48598B592C077421006C7A4D /* Onboarding */ = {
			isa = PBXGroup;
			children = (
				48598B562C077392006C7A4D /* Model */,
				48598B552C077387006C7A4D /* View */,
				48598B572C0773A0006C7A4D /* Controller */,
			);
			path = Onboarding;
			sourceTree = "<group>";
		};
		48598B5B2C07743A006C7A4D /* Resurs */ = {
			isa = PBXGroup;
			children = (
				48E3BF2C2BFB7672005DB32A /* Assets.xcassets */,
			);
			path = Resurs;
			sourceTree = "<group>";
		};
		48598B612C07827D006C7A4D /* Extensions */ = {
			isa = PBXGroup;
			children = (
				48598B622C07829F006C7A4D /* String+Ex.swift */,
			);
			path = Extensions;
			sourceTree = "<group>";
		};
		48598B642C0785B7006C7A4D /* MainView */ = {
			isa = PBXGroup;
			children = (
				48598B6B2C07874C006C7A4D /* Model */,
				48598B692C0785F2006C7A4D /* View */,
				48598B6A2C0785FB006C7A4D /* Controller */,
			);
			path = MainView;
			sourceTree = "<group>";
		};
		48598B692C0785F2006C7A4D /* View */ = {
			isa = PBXGroup;
			children = (
				487F422B2C186E8500B8887F /* HistoryCollectionViewCell.swift */,
				487F422D2C186E9700B8887F /* PhotoCollectionViewCell.swift */,
			);
			path = View;
			sourceTree = "<group>";
		};
		48598B6A2C0785FB006C7A4D /* Controller */ = {
			isa = PBXGroup;
			children = (
				48598B6C2C078A00006C7A4D /* MainViewController.swift */,
				487F42392C1C4A0700B8887F /* ImageScrollViewController.swift */,
			);
			path = Controller;
			sourceTree = "<group>";
		};
		48598B6B2C07874C006C7A4D /* Model */ = {
			isa = PBXGroup;
			children = (
				487F42222C18675F00B8887F /* SearchPhotosModel.swift */,
				487F42242C1868C700B8887F /* PhotoModel.swift */,
				487F42262C18690D00B8887F /* SrcModel.swift */,
			);
			path = Model;
			sourceTree = "<group>";
		};
		48CA7AC62C17363A00836F41 /* Networking */ = {
			isa = PBXGroup;
			children = (
				48CA7AC42C172C9600836F41 /* APIManager.swift */,
				487F42352C1C141700B8887F /* NetworkingError.swift */,
			);
			path = Networking;
			sourceTree = "<group>";
		};
		48E3BF172BFB7670005DB32A = {
			isa = PBXGroup;
			children = (
				48E3BF222BFB7670005DB32A /* Pexels */,
				48E3BF212BFB7670005DB32A /* Products */,
			);
			sourceTree = "<group>";
		};
		48E3BF212BFB7670005DB32A /* Products */ = {
			isa = PBXGroup;
			children = (
				48E3BF202BFB7670005DB32A /* Pexels.app */,
			);
			name = Products;
			sourceTree = "<group>";
		};
		48E3BF222BFB7670005DB32A /* Pexels */ = {
			isa = PBXGroup;
			children = (
				48598B582C0773D0006C7A4D /* App */,
				48598B592C077421006C7A4D /* Onboarding */,
				48598B642C0785B7006C7A4D /* MainView */,
				48CA7AC62C17363A00836F41 /* Networking */,
				48598B612C07827D006C7A4D /* Extensions */,
				48598B5D2C07764A006C7A4D /* Localizable.strings */,
				48598B5B2C07743A006C7A4D /* Resurs */,
			);
			path = Pexels;
			sourceTree = "<group>";
		};
/* End PBXGroup section */

/* Begin PBXNativeTarget section */
		48E3BF1F2BFB7670005DB32A /* Pexels */ = {
			isa = PBXNativeTarget;
			buildConfigurationList = 48E3BF342BFB7672005DB32A /* Build configuration list for PBXNativeTarget "Pexels" */;
			buildPhases = (
				48E3BF1C2BFB7670005DB32A /* Sources */,
				48E3BF1D2BFB7670005DB32A /* Frameworks */,
				48E3BF1E2BFB7670005DB32A /* Resources */,
			);
			buildRules = (
			);
			dependencies = (
			);
			name = Pexels;
			packageProductDependencies = (
				487F42292C1869F200B8887F /* SnapKit */,
			);
			productName = Pexels;
			productReference = 48E3BF202BFB7670005DB32A /* Pexels.app */;
			productType = "com.apple.product-type.application";
		};
/* End PBXNativeTarget section */

/* Begin PBXProject section */
		48E3BF182BFB7670005DB32A /* Project object */ = {
			isa = PBXProject;
			attributes = {
				BuildIndependentTargetsInParallel = 1;
				LastSwiftUpdateCheck = 1530;
				LastUpgradeCheck = 1530;
				TargetAttributes = {
					48E3BF1F2BFB7670005DB32A = {
						CreatedOnToolsVersion = 15.3;
					};
				};
			};
			buildConfigurationList = 48E3BF1B2BFB7670005DB32A /* Build configuration list for PBXProject "Pexels" */;
			compatibilityVersion = "Xcode 14.0";
			developmentRegion = en;
			hasScannedForEncodings = 0;
			knownRegions = (
				en,
				Base,
				ru,
			);
			mainGroup = 48E3BF172BFB7670005DB32A;
			packageReferences = (
				487F42282C1869F200B8887F /* XCRemoteSwiftPackageReference "SnapKit" */,
			);
			productRefGroup = 48E3BF212BFB7670005DB32A /* Products */;
			projectDirPath = "";
			projectRoot = "";
			targets = (
				48E3BF1F2BFB7670005DB32A /* Pexels */,
			);
		};
/* End PBXProject section */

/* Begin PBXResourcesBuildPhase section */
		48E3BF1E2BFB7670005DB32A /* Resources */ = {
			isa = PBXResourcesBuildPhase;
			buildActionMask = 2147483647;
			files = (
				48598B5F2C07764A006C7A4D /* Localizable.strings in Resources */,
				48E3BF2D2BFB7672005DB32A /* Assets.xcassets in Resources */,
				48E3BF302BFB7672005DB32A /* Base in Resources */,
			);
			runOnlyForDeploymentPostprocessing = 0;
		};
/* End PBXResourcesBuildPhase section */

/* Begin PBXSourcesBuildPhase section */
		48E3BF1C2BFB7670005DB32A /* Sources */ = {
			isa = PBXSourcesBuildPhase;
			buildActionMask = 2147483647;
			files = (
				487F42272C18690D00B8887F /* SrcModel.swift in Sources */,
				487F422E2C186E9700B8887F /* PhotoCollectionViewCell.swift in Sources */,
				48CA7AC52C172C9600836F41 /* APIManager.swift in Sources */,
				48598B6F2C078A00006C7A4D /* MainViewController.swift in Sources */,
				48E3BF3A2BFB76C2005DB32A /* OnboardingViewController.swift in Sources */,
				48E3BF402BFBAA70005DB32A /* OnboardingModel.swift in Sources */,
				487F42232C18675F00B8887F /* SearchPhotosModel.swift in Sources */,
				48E3BF242BFB7670005DB32A /* AppDelegate.swift in Sources */,
				48598B632C07829F006C7A4D /* String+Ex.swift in Sources */,
				48E3BF262BFB7670005DB32A /* SceneDelegate.swift in Sources */,
				487F42362C1C141700B8887F /* NetworkingError.swift in Sources */,
				487F423A2C1C4A0700B8887F /* ImageScrollViewController.swift in Sources */,
				487F42252C1868C700B8887F /* PhotoModel.swift in Sources */,
				48E3BF3E2BFBA742005DB32A /* OnboardingCollectionViewCell.swift in Sources */,
				487F422C2C186E8500B8887F /* HistoryCollectionViewCell.swift in Sources */,
			);
			runOnlyForDeploymentPostprocessing = 0;
		};
/* End PBXSourcesBuildPhase section */

/* Begin PBXVariantGroup section */
		48598B5D2C07764A006C7A4D /* Localizable.strings */ = {
			isa = PBXVariantGroup;
			children = (
				48598B5E2C07764A006C7A4D /* en */,
				48598B602C077656006C7A4D /* ru */,
			);
			name = Localizable.strings;
			sourceTree = "<group>";
		};
		48E3BF2E2BFB7672005DB32A /* LaunchScreen.storyboard */ = {
			isa = PBXVariantGroup;
			children = (
				48E3BF2F2BFB7672005DB32A /* Base */,
			);
			name = LaunchScreen.storyboard;
			sourceTree = "<group>";
		};
/* End PBXVariantGroup section */

/* Begin XCBuildConfiguration section */
		48E3BF322BFB7672005DB32A /* Debug */ = {
			isa = XCBuildConfiguration;
			buildSettings = {
				ALWAYS_SEARCH_USER_PATHS = NO;
				ASSETCATALOG_COMPILER_GENERATE_SWIFT_ASSET_SYMBOL_EXTENSIONS = YES;
				CLANG_ANALYZER_LOCALIZABILITY_NONLOCALIZED = YES;
				CLANG_ANALYZER_NONNULL = YES;
				CLANG_ANALYZER_NUMBER_OBJECT_CONVERSION = YES_AGGRESSIVE;
				CLANG_CXX_LANGUAGE_STANDARD = "gnu++20";
				CLANG_ENABLE_MODULES = YES;
				CLANG_ENABLE_OBJC_ARC = YES;
				CLANG_ENABLE_OBJC_WEAK = YES;
				CLANG_WARN_BLOCK_CAPTURE_AUTORELEASING = YES;
				CLANG_WARN_BOOL_CONVERSION = YES;
				CLANG_WARN_COMMA = YES;
				CLANG_WARN_CONSTANT_CONVERSION = YES;
				CLANG_WARN_DEPRECATED_OBJC_IMPLEMENTATIONS = YES;
				CLANG_WARN_DIRECT_OBJC_ISA_USAGE = YES_ERROR;
				CLANG_WARN_DOCUMENTATION_COMMENTS = YES;
				CLANG_WARN_EMPTY_BODY = YES;
				CLANG_WARN_ENUM_CONVERSION = YES;
				CLANG_WARN_INFINITE_RECURSION = YES;
				CLANG_WARN_INT_CONVERSION = YES;
				CLANG_WARN_NON_LITERAL_NULL_CONVERSION = YES;
				CLANG_WARN_OBJC_IMPLICIT_RETAIN_SELF = YES;
				CLANG_WARN_OBJC_LITERAL_CONVERSION = YES;
				CLANG_WARN_OBJC_ROOT_CLASS = YES_ERROR;
				CLANG_WARN_QUOTED_INCLUDE_IN_FRAMEWORK_HEADER = YES;
				CLANG_WARN_RANGE_LOOP_ANALYSIS = YES;
				CLANG_WARN_STRICT_PROTOTYPES = YES;
				CLANG_WARN_SUSPICIOUS_MOVE = YES;
				CLANG_WARN_UNGUARDED_AVAILABILITY = YES_AGGRESSIVE;
				CLANG_WARN_UNREACHABLE_CODE = YES;
				CLANG_WARN__DUPLICATE_METHOD_MATCH = YES;
				COPY_PHASE_STRIP = NO;
				DEBUG_INFORMATION_FORMAT = dwarf;
				ENABLE_STRICT_OBJC_MSGSEND = YES;
				ENABLE_TESTABILITY = YES;
				ENABLE_USER_SCRIPT_SANDBOXING = YES;
				GCC_C_LANGUAGE_STANDARD = gnu17;
				GCC_DYNAMIC_NO_PIC = NO;
				GCC_NO_COMMON_BLOCKS = YES;
				GCC_OPTIMIZATION_LEVEL = 0;
				GCC_PREPROCESSOR_DEFINITIONS = (
					"DEBUG=1",
					"$(inherited)",
				);
				GCC_WARN_64_TO_32_BIT_CONVERSION = YES;
				GCC_WARN_ABOUT_RETURN_TYPE = YES_ERROR;
				GCC_WARN_UNDECLARED_SELECTOR = YES;
				GCC_WARN_UNINITIALIZED_AUTOS = YES_AGGRESSIVE;
				GCC_WARN_UNUSED_FUNCTION = YES;
				GCC_WARN_UNUSED_VARIABLE = YES;
				IPHONEOS_DEPLOYMENT_TARGET = 17.4;
				LOCALIZATION_PREFERS_STRING_CATALOGS = YES;
				MTL_ENABLE_DEBUG_INFO = INCLUDE_SOURCE;
				MTL_FAST_MATH = YES;
				ONLY_ACTIVE_ARCH = YES;
				SDKROOT = iphoneos;
				SWIFT_ACTIVE_COMPILATION_CONDITIONS = "DEBUG $(inherited)";
				SWIFT_OPTIMIZATION_LEVEL = "-Onone";
			};
			name = Debug;
		};
		48E3BF332BFB7672005DB32A /* Release */ = {
			isa = XCBuildConfiguration;
			buildSettings = {
				ALWAYS_SEARCH_USER_PATHS = NO;
				ASSETCATALOG_COMPILER_GENERATE_SWIFT_ASSET_SYMBOL_EXTENSIONS = YES;
				CLANG_ANALYZER_LOCALIZABILITY_NONLOCALIZED = YES;
				CLANG_ANALYZER_NONNULL = YES;
				CLANG_ANALYZER_NUMBER_OBJECT_CONVERSION = YES_AGGRESSIVE;
				CLANG_CXX_LANGUAGE_STANDARD = "gnu++20";
				CLANG_ENABLE_MODULES = YES;
				CLANG_ENABLE_OBJC_ARC = YES;
				CLANG_ENABLE_OBJC_WEAK = YES;
				CLANG_WARN_BLOCK_CAPTURE_AUTORELEASING = YES;
				CLANG_WARN_BOOL_CONVERSION = YES;
				CLANG_WARN_COMMA = YES;
				CLANG_WARN_CONSTANT_CONVERSION = YES;
				CLANG_WARN_DEPRECATED_OBJC_IMPLEMENTATIONS = YES;
				CLANG_WARN_DIRECT_OBJC_ISA_USAGE = YES_ERROR;
				CLANG_WARN_DOCUMENTATION_COMMENTS = YES;
				CLANG_WARN_EMPTY_BODY = YES;
				CLANG_WARN_ENUM_CONVERSION = YES;
				CLANG_WARN_INFINITE_RECURSION = YES;
				CLANG_WARN_INT_CONVERSION = YES;
				CLANG_WARN_NON_LITERAL_NULL_CONVERSION = YES;
				CLANG_WARN_OBJC_IMPLICIT_RETAIN_SELF = YES;
				CLANG_WARN_OBJC_LITERAL_CONVERSION = YES;
				CLANG_WARN_OBJC_ROOT_CLASS = YES_ERROR;
				CLANG_WARN_QUOTED_INCLUDE_IN_FRAMEWORK_HEADER = YES;
				CLANG_WARN_RANGE_LOOP_ANALYSIS = YES;
				CLANG_WARN_STRICT_PROTOTYPES = YES;
				CLANG_WARN_SUSPICIOUS_MOVE = YES;
				CLANG_WARN_UNGUARDED_AVAILABILITY = YES_AGGRESSIVE;
				CLANG_WARN_UNREACHABLE_CODE = YES;
				CLANG_WARN__DUPLICATE_METHOD_MATCH = YES;
				COPY_PHASE_STRIP = NO;
				DEBUG_INFORMATION_FORMAT = "dwarf-with-dsym";
				ENABLE_NS_ASSERTIONS = NO;
				ENABLE_STRICT_OBJC_MSGSEND = YES;
				ENABLE_USER_SCRIPT_SANDBOXING = YES;
				GCC_C_LANGUAGE_STANDARD = gnu17;
				GCC_NO_COMMON_BLOCKS = YES;
				GCC_WARN_64_TO_32_BIT_CONVERSION = YES;
				GCC_WARN_ABOUT_RETURN_TYPE = YES_ERROR;
				GCC_WARN_UNDECLARED_SELECTOR = YES;
				GCC_WARN_UNINITIALIZED_AUTOS = YES_AGGRESSIVE;
				GCC_WARN_UNUSED_FUNCTION = YES;
				GCC_WARN_UNUSED_VARIABLE = YES;
				IPHONEOS_DEPLOYMENT_TARGET = 17.4;
				LOCALIZATION_PREFERS_STRING_CATALOGS = YES;
				MTL_ENABLE_DEBUG_INFO = NO;
				MTL_FAST_MATH = YES;
				SDKROOT = iphoneos;
				SWIFT_COMPILATION_MODE = wholemodule;
				VALIDATE_PRODUCT = YES;
			};
			name = Release;
		};
		48E3BF352BFB7672005DB32A /* Debug */ = {
			isa = XCBuildConfiguration;
			buildSettings = {
				ASSETCATALOG_COMPILER_APPICON_NAME = AppIcon;
				ASSETCATALOG_COMPILER_GLOBAL_ACCENT_COLOR_NAME = AccentColor;
				CODE_SIGN_STYLE = Automatic;
				CURRENT_PROJECT_VERSION = 1;
				DEVELOPMENT_TEAM = TUPKULQZ9B;
				GENERATE_INFOPLIST_FILE = YES;
				INFOPLIST_FILE = Pexels/App/Info.plist;
				INFOPLIST_KEY_CFBundleDisplayName = Pexels;
				INFOPLIST_KEY_UIApplicationSupportsIndirectInputEvents = YES;
				INFOPLIST_KEY_UILaunchStoryboardName = LaunchScreen;
				INFOPLIST_KEY_UISupportedInterfaceOrientations_iPad = "UIInterfaceOrientationPortrait UIInterfaceOrientationPortraitUpsideDown UIInterfaceOrientationLandscapeLeft UIInterfaceOrientationLandscapeRight";
				INFOPLIST_KEY_UISupportedInterfaceOrientations_iPhone = "UIInterfaceOrientationPortrait UIInterfaceOrientationLandscapeLeft UIInterfaceOrientationLandscapeRight";
				IPHONEOS_DEPLOYMENT_TARGET = 16.0;
				LD_RUNPATH_SEARCH_PATHS = (
					"$(inherited)",
					"@executable_path/Frameworks",
				);
				MARKETING_VERSION = 1.0;
				PRODUCT_BUNDLE_IDENTIFIER = com.sivozelezov.Pexels;
				PRODUCT_NAME = "$(TARGET_NAME)";
				SUPPORTED_PLATFORMS = "iphoneos iphonesimulator";
				SUPPORTS_MACCATALYST = NO;
				SUPPORTS_MAC_DESIGNED_FOR_IPHONE_IPAD = NO;
				SUPPORTS_XR_DESIGNED_FOR_IPHONE_IPAD = NO;
				SWIFT_EMIT_LOC_STRINGS = YES;
				SWIFT_VERSION = 5.0;
				TARGETED_DEVICE_FAMILY = "1,2";
			};
			name = Debug;
		};
		48E3BF362BFB7672005DB32A /* Release */ = {
			isa = XCBuildConfiguration;
			buildSettings = {
				ASSETCATALOG_COMPILER_APPICON_NAME = AppIcon;
				ASSETCATALOG_COMPILER_GLOBAL_ACCENT_COLOR_NAME = AccentColor;
				CODE_SIGN_STYLE = Automatic;
				CURRENT_PROJECT_VERSION = 1;
				DEVELOPMENT_TEAM = TUPKULQZ9B;
				GENERATE_INFOPLIST_FILE = YES;
				INFOPLIST_FILE = Pexels/App/Info.plist;
				INFOPLIST_KEY_CFBundleDisplayName = Pexels;
				INFOPLIST_KEY_UIApplicationSupportsIndirectInputEvents = YES;
				INFOPLIST_KEY_UILaunchStoryboardName = LaunchScreen;
				INFOPLIST_KEY_UISupportedInterfaceOrientations_iPad = "UIInterfaceOrientationPortrait UIInterfaceOrientationPortraitUpsideDown UIInterfaceOrientationLandscapeLeft UIInterfaceOrientationLandscapeRight";
				INFOPLIST_KEY_UISupportedInterfaceOrientations_iPhone = "UIInterfaceOrientationPortrait UIInterfaceOrientationLandscapeLeft UIInterfaceOrientationLandscapeRight";
				IPHONEOS_DEPLOYMENT_TARGET = 16.0;
				LD_RUNPATH_SEARCH_PATHS = (
					"$(inherited)",
					"@executable_path/Frameworks",
				);
				MARKETING_VERSION = 1.0;
				PRODUCT_BUNDLE_IDENTIFIER = com.sivozelezov.Pexels;
				PRODUCT_NAME = "$(TARGET_NAME)";
				SUPPORTED_PLATFORMS = "iphoneos iphonesimulator";
				SUPPORTS_MACCATALYST = NO;
				SUPPORTS_MAC_DESIGNED_FOR_IPHONE_IPAD = NO;
				SUPPORTS_XR_DESIGNED_FOR_IPHONE_IPAD = NO;
				SWIFT_EMIT_LOC_STRINGS = YES;
				SWIFT_VERSION = 5.0;
				TARGETED_DEVICE_FAMILY = "1,2";
			};
			name = Release;
		};
/* End XCBuildConfiguration section */

/* Begin XCConfigurationList section */
		48E3BF1B2BFB7670005DB32A /* Build configuration list for PBXProject "Pexels" */ = {
			isa = XCConfigurationList;
			buildConfigurations = (
				48E3BF322BFB7672005DB32A /* Debug */,
				48E3BF332BFB7672005DB32A /* Release */,
			);
			defaultConfigurationIsVisible = 0;
			defaultConfigurationName = Release;
		};
		48E3BF342BFB7672005DB32A /* Build configuration list for PBXNativeTarget "Pexels" */ = {
			isa = XCConfigurationList;
			buildConfigurations = (
				48E3BF352BFB7672005DB32A /* Debug */,
				48E3BF362BFB7672005DB32A /* Release */,
			);
			defaultConfigurationIsVisible = 0;
			defaultConfigurationName = Release;
		};
/* End XCConfigurationList section */

/* Begin XCRemoteSwiftPackageReference section */
		487F42282C1869F200B8887F /* XCRemoteSwiftPackageReference "SnapKit" */ = {
			isa = XCRemoteSwiftPackageReference;
			repositoryURL = "https://github.com/SnapKit/SnapKit";
			requirement = {
				kind = upToNextMajorVersion;
				minimumVersion = 5.7.1;
			};
		};
/* End XCRemoteSwiftPackageReference section */

/* Begin XCSwiftPackageProductDependency section */
		487F42292C1869F200B8887F /* SnapKit */ = {
			isa = XCSwiftPackageProductDependency;
			package = 487F42282C1869F200B8887F /* XCRemoteSwiftPackageReference "SnapKit" */;
			productName = SnapKit;
		};
/* End XCSwiftPackageProductDependency section */
	};
	rootObject = 48E3BF182BFB7670005DB32A /* Project object */;
}
